
Microsoft Visual Studio Solution File, Format Version 12.00
Project("{FAE04EC0-301F-11D3-BF4B-00C04F79EFBC}") = "ConvertToBinary", "ConvertToBinary\ConvertToBinary.csproj", "{626B8CD0-CF1F-4585-AA6F-08A07E77DF27}"
EndProject
Global
	GlobalSection(SolutionConfigurationPlatforms) = preSolution
		Debug|Any CPU = Debug|Any CPU
		Release|Any CPU = Release|Any CPU
	EndGlobalSection
	GlobalSection(ProjectConfigurationPlatforms) = postSolution
		{626B8CD0-CF1F-4585-AA6F-08A07E77DF27}.Debug|Any CPU.ActiveCfg = Debug|Any CPU
		{626B8CD0-CF1F-4585-AA6F-08A07E77DF27}.Debug|Any CPU.Build.0 = Debug|Any CPU
		{626B8CD0-CF1F-4585-AA6F-08A07E77DF27}.Release|Any CPU.ActiveCfg = Release|Any CPU
		{626B8CD0-CF1F-4585-AA6F-08A07E77DF27}.Release|Any CPU.Build.0 = Release|Any CPU
	EndGlobalSection
EndGlobal
